
Microsoft Visual Studio Solution File, Format Version 12.00
# Visual Studio 15
VisualStudioVersion = 15.0.28307.136
MinimumVisualStudioVersion = 10.0.40219.1
Project("{FAE04EC0-301F-11D3-BF4B-00C04F79EFBC}") = "TicketingSystem", "TicketingSystem\TicketingSystem.csproj", "{24C86AC9-A0CC-42DC-9C8F-0A9A7820A317}"
EndProject
Project("{FAE04EC0-301F-11D3-BF4B-00C04F79EFBC}") = "TicketingSystem.Tests", "TicketingSystem.Tests\TicketingSystem.Tests.csproj", "{FC007524-A49D-4775-8278-37CC07457EA3}"
EndProject
Global
	GlobalSection(SolutionConfigurationPlatforms) = preSolution
		Debug|Any CPU = Debug|Any CPU
		Release|Any CPU = Release|Any CPU
	EndGlobalSection
	GlobalSection(ProjectConfigurationPlatforms) = postSolution
		{24C86AC9-A0CC-42DC-9C8F-0A9A7820A317}.Debug|Any CPU.ActiveCfg = Debug|Any CPU
		{24C86AC9-A0CC-42DC-9C8F-0A9A7820A317}.Debug|Any CPU.Build.0 = Debug|Any CPU
		{24C86AC9-A0CC-42DC-9C8F-0A9A7820A317}.Release|Any CPU.ActiveCfg = Release|Any CPU
		{24C86AC9-A0CC-42DC-9C8F-0A9A7820A317}.Release|Any CPU.Build.0 = Release|Any CPU
		{FC007524-A49D-4775-8278-37CC07457EA3}.Debug|Any CPU.ActiveCfg = Debug|Any CPU
		{FC007524-A49D-4775-8278-37CC07457EA3}.Debug|Any CPU.Build.0 = Debug|Any CPU
		{FC007524-A49D-4775-8278-37CC07457EA3}.Release|Any CPU.ActiveCfg = Release|Any CPU
		{FC007524-A49D-4775-8278-37CC07457EA3}.Release|Any CPU.Build.0 = Release|Any CPU
	EndGlobalSection
	GlobalSection(SolutionProperties) = preSolution
		HideSolutionNode = FALSE
	EndGlobalSection
	GlobalSection(ExtensibilityGlobals) = postSolution
		SolutionGuid = {1AFD8079-1F23-4291-9644-E4AF9FD1EB2F}
	EndGlobalSection
EndGlobal
